{
  "name": "mail-code-inbox",
  "version": "0.5.1",
  "lockfileVersion": 3,
  "requires": true,
  "packages": {
    "": {
      "name": "mail-code-inbox",
      "version": "0.5.1",
      "dependencies": {
        "better-sqlite3": "13.0.3",
        "postal-mime": "4.0.2",
        "smtp-server": "3.19.16"
      },
      "devDependencies": {
        "nodemailer": "^10.0.9"
      },
      "engines": {
        "node": ">=22"
      }
    },
    "node_modules/better-sqlite3": {
      "version": "13.0.3",
      "resolved": "https://registry.npmjs.org/better-sqlite3/-/better-sqlite3-13.0.3.tgz",
      "integrity": "sha512-RbOBxmLBG8uvFUc15X9+9SFemKcQ0WBuISBVkpuiaUB2qblC8UWlHEjdWVoZ8AdhSwmoEgsiXKfopX0CQxaACQ==",
      "license": "MIT",
      "dependencies": {
        "node-addon-api": "^8.0.0"
      },
      "engines": {
        "node": ">=22"
      }
    },
    "node_modules/ipv6-normalize": {
      "version": "1.0.1",
      "resolved": "https://registry.npmjs.org/ipv6-normalize/-/ipv6-normalize-1.0.1.tgz",
      "integrity": "sha512-Bm6H79i01DjgGTCWjUuCjJ6QDo1HB96PT/xCYuyJUP9WFbVDrLSbG4EZCvOCun2rNswZb0c3e4Jt/ws795esHA==",
      "license": "MIT"
    },
    "node_modules/node-addon-api": {
      "version": "8.9.2",
      "resolved": "https://registry.npmjs.org/node-addon-api/-/node-addon-api-8.9.2.tgz",
      "integrity": "sha512-VijLXbi3UACN69I0JVXJsX4tjACjNoQDgv2gTF6sx2wWEi8tkSg2eX8p5gSIFi8z2+DL3oHmY6OyKce38SDolg==",
      "license": "MIT",
      "engines": {
        "node": "^18 || ^20 || >= 21"
      }
    },
    "node_modules/nodemailer": {
      "version": "10.0.9",
      "resolved": "https://registry.npmjs.org/nodemailer/-/nodemailer-10.0.9.tgz",
      "integrity": "sha512-BF0qcyplCwp+jMk6HCjFykBz/YhhZSsxrARhOldLwFWH+8kGjQsd2WIMIZhqEuyXRoGFi0ONbDeWDMDoL8MhLw==",
      "dev": true,
      "license": "MIT-0",
      "engines": {
        "node": ">=20.0.0"
      }
    },
    "node_modules/postal-mime": {
      "version": "4.0.2",
      "resolved": "https://registry.npmjs.org/postal-mime/-/postal-mime-4.0.2.tgz",
      "integrity": "sha512-b/FqJGdS+Y+leh30r2ord1gWZNPfYcTiFBR1BIPvZYvQrKJjYYqGeECh9sQ5BpkWtcjSj39ngIAiE2w6XNfMjA==",
      "license": "MIT-0",
      "engines": {
        "node": ">=20"
      }
    },
    "node_modules/punycode.js": {
      "version": "2.3.1",
      "resolved": "https://registry.npmjs.org/punycode.js/-/punycode.js-2.3.1.tgz",
      "integrity": "sha512-uxFIHU0YlHYhDQtV4R9J6a52SLx28BCjT+4ieh7IGbgwVJWO+km431c4yRlREUAsAmt/uMjQUyQHNEPf0M39CA==",
      "license": "MIT",
      "engines": {
        "node": ">=6"
      }
    },
    "node_modules/smtp-server": {
      "version": "3.19.16",
      "resolved": "https://registry.npmjs.org/smtp-server/-/smtp-server-3.19.16.tgz",
      "integrity": "sha512-EAO7FiexdU+s/IiW92MIRDSOaVTGF2skmXEpSvl+A+NDMDLnv+NnoYpmEh+7kmARU1F1NTTe3am35IBMEEnN1w==",
      "license": "MIT-0",
      "dependencies": {
        "ipv6-normalize": "1.0.1",
        "nodemailer": "10.0.13",
        "punycode.js": "2.3.1"
      },
      "engines": {
        "node": ">=20.0.0"
      }
    },
    "node_modules/smtp-server/node_modules/nodemailer": {
      "version": "10.0.13",
      "resolved": "https://registry.npmjs.org/nodemailer/-/nodemailer-10.0.13.tgz",
      "integrity": "sha512-SzG86OlvcW/NNhUFC6uROMwRTL4n7MswfQqC/T8mhkmnY1YVa23zUEMYi4ijSeXSl9GLz9ZeTJDUatEDuY5FeQ==",
      "license": "MIT-0",
      "engines": {
        "node": ">=20.0.0"
      }
    }
  }
}
